// !$*UTF8*$!
{
	archiveVersion = 1;
	classes = {
	};
	objectVersion = 55;
	objects = {

/* Begin PBXBuildFile section */
		C710AE5A2B0E53AE0079F530 /* MovieCell.swift in Sources */ = {isa = PBXBuildFile; fileRef = C710AE592B0E53AE0079F530 /* MovieCell.swift */; };
		C710AE5C2B0E54E90079F530 /* MovieData.swift in Sources */ = {isa = PBXBuildFile; fileRef = C710AE5B2B0E54E90079F530 /* MovieData.swift */; };
		C710AE5E2B0E55500079F530 /* Movie.swift in Sources */ = {isa = PBXBuildFile; fileRef = C710AE5D2B0E55500079F530 /* Movie.swift */; };
		C710AE602B0E5D470079F530 /* Constants.swift in Sources */ = {isa = PBXBuildFile; fileRef = C710AE5F2B0E5D470079F530 /* Constants.swift */; };
		C710AE632B0E5D8C0079F530 /* MovieInfo.swift in Sources */ = {isa = PBXBuildFile; fileRef = C710AE622B0E5D8C0079F530 /* MovieInfo.swift */; };
		C710AE662B0E5E5C0079F530 /* Webservice.swift in Sources */ = {isa = PBXBuildFile; fileRef = C710AE652B0E5E5C0079F530 /* Webservice.swift */; };
		C769C6AF2B0E6D560001B6C4 /* MovieCellViewModel.swift in Sources */ = {isa = PBXBuildFile; fileRef = C769C6AE2B0E6D560001B6C4 /* MovieCellViewModel.swift */; };
		C7E513862B0E6A46007F801D /* MovieListViewModel.swift in Sources */ = {isa = PBXBuildFile; fileRef = C7E513852B0E6A46007F801D /* MovieListViewModel.swift */; };
		C7E9CF982B0E4D91004893BB /* AppDelegate.swift in Sources */ = {isa = PBXBuildFile; fileRef = C7E9CF972B0E4D91004893BB /* AppDelegate.swift */; };
		C7E9CF9A2B0E4D91004893BB /* SceneDelegate.swift in Sources */ = {isa = PBXBuildFile; fileRef = C7E9CF992B0E4D91004893BB /* SceneDelegate.swift */; };
		C7E9CF9C2B0E4D91004893BB /* MovieListViewController.swift in Sources */ = {isa = PBXBuildFile; fileRef = C7E9CF9B2B0E4D91004893BB /* MovieListViewController.swift */; };
		C7E9CF9F2B0E4D91004893BB /* Main.storyboard in Resources */ = {isa = PBXBuildFile; fileRef = C7E9CF9D2B0E4D91004893BB /* Main.storyboard */; };
		C7E9CFA22B0E4D91004893BB /* MovieAppTest.xcdatamodeld in Sources */ = {isa = PBXBuildFile; fileRef = C7E9CFA02B0E4D91004893BB /* MovieAppTest.xcdatamodeld */; };
		C7E9CFA42B0E4D93004893BB /* Assets.xcassets in Resources */ = {isa = PBXBuildFile; fileRef = C7E9CFA32B0E4D93004893BB /* Assets.xcassets */; };
		C7E9CFA72B0E4D93004893BB /* LaunchScreen.storyboard in Resources */ = {isa = PBXBuildFile; fileRef = C7E9CFA52B0E4D93004893BB /* LaunchScreen.storyboard */; };
		C7E9CFB12B0E4E91004893BB /* Observable.swift in Sources */ = {isa = PBXBuildFile; fileRef = C7E9CFB02B0E4E91004893BB /* Observable.swift */; };
/* End PBXBuildFile section */

/* Begin PBXFileReference section */
		C710AE592B0E53AE0079F530 /* MovieCell.swift */ = {isa = PBXFileReference; lastKnownFileType = sourcecode.swift; path = MovieCell.swift; sourceTree = "<group>"; };
		C710AE5B2B0E54E90079F530 /* MovieData.swift */ = {isa = PBXFileReference; lastKnownFileType = sourcecode.swift; path = MovieData.swift; sourceTree = "<group>"; };
		C710AE5D2B0E55500079F530 /* Movie.swift */ = {isa = PBXFileReference; lastKnownFileType = sourcecode.swift; path = Movie.swift; sourceTree = "<group>"; };
		C710AE5F2B0E5D470079F530 /* Constants.swift */ = {isa = PBXFileReference; lastKnownFileType = sourcecode.swift; path = Constants.swift; sourceTree = "<group>"; };
		C710AE622B0E5D8C0079F530 /* MovieInfo.swift */ = {isa = PBXFileReference; lastKnownFileType = sourcecode.swift; path = MovieInfo.swift; sourceTree = "<group>"; };
		C710AE652B0E5E5C0079F530 /* Webservice.swift */ = {isa = PBXFileReference; lastKnownFileType = sourcecode.swift; path = Webservice.swift; sourceTree = "<group>"; };
		C769C6AE2B0E6D560001B6C4 /* MovieCellViewModel.swift */ = {isa = PBXFileReference; lastKnownFileType = sourcecode.swift; path = MovieCellViewModel.swift; sourceTree = "<group>"; };
		C7E513852B0E6A46007F801D /* MovieListViewModel.swift */ = {isa = PBXFileReference; lastKnownFileType = sourcecode.swift; path = MovieListViewModel.swift; sourceTree = "<group>"; };
		C7E9CF942B0E4D91004893BB /* MovieAppTest.app */ = {isa = PBXFileReference; explicitFileType = wrapper.application; includeInIndex = 0; path = MovieAppTest.app; sourceTree = BUILT_PRODUCTS_DIR; };
		C7E9CF972B0E4D91004893BB /* AppDelegate.swift */ = {isa = PBXFileReference; lastKnownFileType = sourcecode.swift; path = AppDelegate.swift; sourceTree = "<group>"; };
		C7E9CF992B0E4D91004893BB /* SceneDelegate.swift */ = {isa = PBXFileReference; lastKnownFileType = sourcecode.swift; path = SceneDelegate.swift; sourceTree = "<group>"; };
		C7E9CF9B2B0E4D91004893BB /* MovieListViewController.swift */ = {isa = PBXFileReference; lastKnownFileType = sourcecode.swift; path = MovieListViewController.swift; sourceTree = "<group>"; };
		C7E9CF9E2B0E4D91004893BB /* Base */ = {isa = PBXFileReference; lastKnownFileType = file.storyboard; name = Base; path = Base.lproj/Main.storyboard; sourceTree = "<group>"; };
		C7E9CFA12B0E4D91004893BB /* MovieAppTest.xcdatamodel */ = {isa = PBXFileReference; lastKnownFileType = wrapper.xcdatamodel; path = MovieAppTest.xcdatamodel; sourceTree = "<group>"; };
		C7E9CFA32B0E4D93004893BB /* Assets.xcassets */ = {isa = PBXFileReference; lastKnownFileType = folder.assetcatalog; path = Assets.xcassets; sourceTree = "<group>"; };
		C7E9CFA62B0E4D93004893BB /* Base */ = {isa = PBXFileReference; lastKnownFileType = file.storyboard; name = Base; path = Base.lproj/LaunchScreen.storyboard; sourceTree = "<group>"; };
		C7E9CFA82B0E4D93004893BB /* Info.plist */ = {isa = PBXFileReference; lastKnownFileType = text.plist.xml; path = Info.plist; sourceTree = "<group>"; };
		C7E9CFB02B0E4E91004893BB /* Observable.swift */ = {isa = PBXFileReference; lastKnownFileType = sourcecode.swift; path = Observable.swift; sourceTree = "<group>"; };
/* End PBXFileReference section */

/* Begin PBXFrameworksBuildPhase section */
		C7E9CF912B0E4D91004893BB /* Frameworks */ = {
			isa = PBXFrameworksBuildPhase;
			buildActionMask = 2147483647;
			files = (
			);
			runOnlyForDeploymentPostprocessing = 0;
		};
/* End PBXFrameworksBuildPhase section */

/* Begin PBXGroup section */
		C710AE552B0E53470079F530 /* ViewControllers */ = {
			isa = PBXGroup;
			children = (
				C7E9CF9B2B0E4D91004893BB /* MovieListViewController.swift */,
			);
			path = ViewControllers;
			sourceTree = "<group>";
		};
		C710AE562B0E536E0079F530 /* CustomTableViewCells */ = {
			isa = PBXGroup;
			children = (
				C710AE592B0E53AE0079F530 /* MovieCell.swift */,
			);
			path = CustomTableViewCells;
			sourceTree = "<group>";
		};
		C710AE612B0E5D7A0079F530 /* ViewModels */ = {
			isa = PBXGroup;
			children = (
				C7E513852B0E6A46007F801D /* MovieListViewModel.swift */,
				C769C6AE2B0E6D560001B6C4 /* MovieCellViewModel.swift */,
			);
			path = ViewModels;
			sourceTree = "<group>";
		};
		C710AE642B0E5DF40079F530 /* Sevices */ = {
			isa = PBXGroup;
			children = (
				C710AE652B0E5E5C0079F530 /* Webservice.swift */,
			);
			path = Sevices;
			sourceTree = "<group>";
		};
		C7E9CF8B2B0E4D91004893BB = {
			isa = PBXGroup;
			children = (
				C7E9CF962B0E4D91004893BB /* MovieAppTest */,
				C7E9CF952B0E4D91004893BB /* Products */,
			);
			sourceTree = "<group>";
		};
		C7E9CF952B0E4D91004893BB /* Products */ = {
			isa = PBXGroup;
			children = (
				C7E9CF942B0E4D91004893BB /* MovieAppTest.app */,
			);
			name = Products;
			sourceTree = "<group>";
		};
		C7E9CF962B0E4D91004893BB /* MovieAppTest */ = {
			isa = PBXGroup;
			children = (
				C710AE642B0E5DF40079F530 /* Sevices */,
				C710AE612B0E5D7A0079F530 /* ViewModels */,
				C710AE562B0E536E0079F530 /* CustomTableViewCells */,
				C710AE552B0E53470079F530 /* ViewControllers */,
				C7E9CFAF2B0E4E6F004893BB /* Supporting files */,
				C7E9CFAE2B0E4E5E004893BB /* Model classes */,
				C7E9CF972B0E4D91004893BB /* AppDelegate.swift */,
				C7E9CF992B0E4D91004893BB /* SceneDelegate.swift */,
				C7E9CF9D2B0E4D91004893BB /* Main.storyboard */,
				C7E9CFA32B0E4D93004893BB /* Assets.xcassets */,
				C7E9CFA52B0E4D93004893BB /* LaunchScreen.storyboard */,
				C7E9CFA82B0E4D93004893BB /* Info.plist */,
				C7E9CFA02B0E4D91004893BB /* MovieAppTest.xcdatamodeld */,
			);
			path = MovieAppTest;
			sourceTree = "<group>";
		};
		C7E9CFAE2B0E4E5E004893BB /* Model classes */ = {
			isa = PBXGroup;
			children = (
				C710AE622B0E5D8C0079F530 /* MovieInfo.swift */,
				C710AE5B2B0E54E90079F530 /* MovieData.swift */,
				C710AE5D2B0E55500079F530 /* Movie.swift */,
			);
			path = "Model classes";
			sourceTree = "<group>";
		};
		C7E9CFAF2B0E4E6F004893BB /* Supporting files */ = {
			isa = PBXGroup;
			children = (
				C7E9CFB02B0E4E91004893BB /* Observable.swift */,
				C710AE5F2B0E5D470079F530 /* Constants.swift */,
			);
			path = "Supporting files";
			sourceTree = "<group>";
		};
/* End PBXGroup section */

/* Begin PBXNativeTarget section */
		C7E9CF932B0E4D91004893BB /* MovieAppTest */ = {
			isa = PBXNativeTarget;
			buildConfigurationList = C7E9CFAB2B0E4D93004893BB /* Build configuration list for PBXNativeTarget "MovieAppTest" */;
			buildPhases = (
				C7E9CF902B0E4D91004893BB /* Sources */,
				C7E9CF912B0E4D91004893BB /* Frameworks */,
				C7E9CF922B0E4D91004893BB /* Resources */,
			);
			buildRules = (
			);
			dependencies = (
			);
			name = MovieAppTest;
			productName = MovieAppTest;
			productReference = C7E9CF942B0E4D91004893BB /* MovieAppTest.app */;
			productType = "com.apple.product-type.application";
		};
/* End PBXNativeTarget section */

/* Begin PBXProject section */
		C7E9CF8C2B0E4D91004893BB /* Project object */ = {
			isa = PBXProject;
			attributes = {
				BuildIndependentTargetsInParallel = 1;
				LastSwiftUpdateCheck = 1320;
				LastUpgradeCheck = 1320;
				TargetAttributes = {
					C7E9CF932B0E4D91004893BB = {
						CreatedOnToolsVersion = 13.2.1;
					};
				};
			};
			buildConfigurationList = C7E9CF8F2B0E4D91004893BB /* Build configuration list for PBXProject "MovieAppTest" */;
			compatibilityVersion = "Xcode 13.0";
			developmentRegion = en;
			hasScannedForEncodings = 0;
			knownRegions = (
				en,
				Base,
			);
			mainGroup = C7E9CF8B2B0E4D91004893BB;
			productRefGroup = C7E9CF952B0E4D91004893BB /* Products */;
			projectDirPath = "";
			projectRoot = "";
			targets = (
				C7E9CF932B0E4D91004893BB /* MovieAppTest */,
			);
		};
/* End PBXProject section */

/* Begin PBXResourcesBuildPhase section */
		C7E9CF922B0E4D91004893BB /* Resources */ = {
			isa = PBXResourcesBuildPhase;
			buildActionMask = 2147483647;
			files = (
				C7E9CFA72B0E4D93004893BB /* LaunchScreen.storyboard in Resources */,
				C7E9CFA42B0E4D93004893BB /* Assets.xcassets in Resources */,
				C7E9CF9F2B0E4D91004893BB /* Main.storyboard in Resources */,
			);
			runOnlyForDeploymentPostprocessing = 0;
		};
/* End PBXResourcesBuildPhase section */

/* Begin PBXSourcesBuildPhase section */
		C7E9CF902B0E4D91004893BB /* Sources */ = {
			isa = PBXSourcesBuildPhase;
			buildActionMask = 2147483647;
			files = (
				C7E9CF9C2B0E4D91004893BB /* MovieListViewController.swift in Sources */,
				C710AE632B0E5D8C0079F530 /* MovieInfo.swift in Sources */,
				C7E9CFB12B0E4E91004893BB /* Observable.swift in Sources */,
				C710AE5C2B0E54E90079F530 /* MovieData.swift in Sources */,
				C710AE662B0E5E5C0079F530 /* Webservice.swift in Sources */,
				C769C6AF2B0E6D560001B6C4 /* MovieCellViewModel.swift in Sources */,
				C710AE5A2B0E53AE0079F530 /* MovieCell.swift in Sources */,
				C7E9CF982B0E4D91004893BB /* AppDelegate.swift in Sources */,
				C7E9CFA22B0E4D91004893BB /* MovieAppTest.xcdatamodeld in Sources */,
				C710AE5E2B0E55500079F530 /* Movie.swift in Sources */,
				C7E9CF9A2B0E4D91004893BB /* SceneDelegate.swift in Sources */,
				C710AE602B0E5D470079F530 /* Constants.swift in Sources */,
				C7E513862B0E6A46007F801D /* MovieListViewModel.swift in Sources */,
			);
			runOnlyForDeploymentPostprocessing = 0;
		};
/* End PBXSourcesBuildPhase section */

/* Begin PBXVariantGroup section */
		C7E9CF9D2B0E4D91004893BB /* Main.storyboard */ = {
			isa = PBXVariantGroup;
			children = (
				C7E9CF9E2B0E4D91004893BB /* Base */,
			);
			name = Main.storyboard;
			sourceTree = "<group>";
		};
		C7E9CFA52B0E4D93004893BB /* LaunchScreen.storyboard */ = {
			isa = PBXVariantGroup;
			children = (
				C7E9CFA62B0E4D93004893BB /* Base */,
			);
			name = LaunchScreen.storyboard;
			sourceTree = "<group>";
		};
/* End PBXVariantGroup section */

/* Begin XCBuildConfiguration section */
		C7E9CFA92B0E4D93004893BB /* Debug */ = {
			isa = XCBuildConfiguration;
			buildSettings = {
				ALWAYS_SEARCH_USER_PATHS = NO;
				CLANG_ANALYZER_NONNULL = YES;
				CLANG_ANALYZER_NUMBER_OBJECT_CONVERSION = YES_AGGRESSIVE;
				CLANG_CXX_LANGUAGE_STANDARD = "gnu++17";
				CLANG_CXX_LIBRARY = "libc++";
				CLANG_ENABLE_MODULES = YES;
				CLANG_ENABLE_OBJC_ARC = YES;
				CLANG_ENABLE_OBJC_WEAK = YES;
				CLANG_WARN_BLOCK_CAPTURE_AUTORELEASING = YES;
				CLANG_WARN_BOOL_CONVERSION = YES;
				CLANG_WARN_COMMA = YES;
				CLANG_WARN_CONSTANT_CONVERSION = YES;
				CLANG_WARN_DEPRECATED_OBJC_IMPLEMENTATIONS = YES;
				CLANG_WARN_DIRECT_OBJC_ISA_USAGE = YES_ERROR;
				CLANG_WARN_DOCUMENTATION_COMMENTS = YES;
				CLANG_WARN_EMPTY_BODY = YES;
				CLANG_WARN_ENUM_CONVERSION = YES;
				CLANG_WARN_INFINITE_RECURSION = YES;
				CLANG_WARN_INT_CONVERSION = YES;
				CLANG_WARN_NON_LITERAL_NULL_CONVERSION = YES;
				CLANG_WARN_OBJC_IMPLICIT_RETAIN_SELF = YES;
				CLANG_WARN_OBJC_LITERAL_CONVERSION = YES;
				CLANG_WARN_OBJC_ROOT_CLASS = YES_ERROR;
				CLANG_WARN_QUOTED_INCLUDE_IN_FRAMEWORK_HEADER = YES;
				CLANG_WARN_RANGE_LOOP_ANALYSIS = YES;
				CLANG_WARN_STRICT_PROTOTYPES = YES;
				CLANG_WARN_SUSPICIOUS_MOVE = YES;
				CLANG_WARN_UNGUARDED_AVAILABILITY = YES_AGGRESSIVE;
				CLANG_WARN_UNREACHABLE_CODE = YES;
				CLANG_WARN__DUPLICATE_METHOD_MATCH = YES;
				COPY_PHASE_STRIP = NO;
				DEBUG_INFORMATION_FORMAT = dwarf;
				ENABLE_STRICT_OBJC_MSGSEND = YES;
				ENABLE_TESTABILITY = YES;
				GCC_C_LANGUAGE_STANDARD = gnu11;
				GCC_DYNAMIC_NO_PIC = NO;
				GCC_NO_COMMON_BLOCKS = YES;
				GCC_OPTIMIZATION_LEVEL = 0;
				GCC_PREPROCESSOR_DEFINITIONS = (
					"DEBUG=1",
					"$(inherited)",
				);
				GCC_WARN_64_TO_32_BIT_CONVERSION = YES;
				GCC_WARN_ABOUT_RETURN_TYPE = YES_ERROR;
				GCC_WARN_UNDECLARED_SELECTOR = YES;
				GCC_WARN_UNINITIALIZED_AUTOS = YES_AGGRESSIVE;
				GCC_WARN_UNUSED_FUNCTION = YES;
				GCC_WARN_UNUSED_VARIABLE = YES;
				IPHONEOS_DEPLOYMENT_TARGET = 15.2;
				MTL_ENABLE_DEBUG_INFO = INCLUDE_SOURCE;
				MTL_FAST_MATH = YES;
				ONLY_ACTIVE_ARCH = YES;
				SDKROOT = iphoneos;
				SWIFT_ACTIVE_COMPILATION_CONDITIONS = DEBUG;
				SWIFT_OPTIMIZATION_LEVEL = "-Onone";
			};
			name = Debug;
		};
		C7E9CFAA2B0E4D93004893BB /* Release */ = {
			isa = XCBuildConfiguration;
			buildSettings = {
				ALWAYS_SEARCH_USER_PATHS = NO;
				CLANG_ANALYZER_NONNULL = YES;
				CLANG_ANALYZER_NUMBER_OBJECT_CONVERSION = YES_AGGRESSIVE;
				CLANG_CXX_LANGUAGE_STANDARD = "gnu++17";
				CLANG_CXX_LIBRARY = "libc++";
				CLANG_ENABLE_MODULES = YES;
				CLANG_ENABLE_OBJC_ARC = YES;
				CLANG_ENABLE_OBJC_WEAK = YES;
				CLANG_WARN_BLOCK_CAPTURE_AUTORELEASING = YES;
				CLANG_WARN_BOOL_CONVERSION = YES;
				CLANG_WARN_COMMA = YES;
				CLANG_WARN_CONSTANT_CONVERSION = YES;
				CLANG_WARN_DEPRECATED_OBJC_IMPLEMENTATIONS = YES;
				CLANG_WARN_DIRECT_OBJC_ISA_USAGE = YES_ERROR;
				CLANG_WARN_DOCUMENTATION_COMMENTS = YES;
				CLANG_WARN_EMPTY_BODY = YES;
				CLANG_WARN_ENUM_CONVERSION = YES;
				CLANG_WARN_INFINITE_RECURSION = YES;
				CLANG_WARN_INT_CONVERSION = YES;
				CLANG_WARN_NON_LITERAL_NULL_CONVERSION = YES;
				CLANG_WARN_OBJC_IMPLICIT_RETAIN_SELF = YES;
				CLANG_WARN_OBJC_LITERAL_CONVERSION = YES;
				CLANG_WARN_OBJC_ROOT_CLASS = YES_ERROR;
				CLANG_WARN_QUOTED_INCLUDE_IN_FRAMEWORK_HEADER = YES;
				CLANG_WARN_RANGE_LOOP_ANALYSIS = YES;
				CLANG_WARN_STRICT_PROTOTYPES = YES;
				CLANG_WARN_SUSPICIOUS_MOVE = YES;
				CLANG_WARN_UNGUARDED_AVAILABILITY = YES_AGGRESSIVE;
				CLANG_WARN_UNREACHABLE_CODE = YES;
				CLANG_WARN__DUPLICATE_METHOD_MATCH = YES;
				COPY_PHASE_STRIP = NO;
				DEBUG_INFORMATION_FORMAT = "dwarf-with-dsym";
				ENABLE_NS_ASSERTIONS = NO;
				ENABLE_STRICT_OBJC_MSGSEND = YES;
				GCC_C_LANGUAGE_STANDARD = gnu11;
				GCC_NO_COMMON_BLOCKS = YES;
				GCC_WARN_64_TO_32_BIT_CONVERSION = YES;
				GCC_WARN_ABOUT_RETURN_TYPE = YES_ERROR;
				GCC_WARN_UNDECLARED_SELECTOR = YES;
				GCC_WARN_UNINITIALIZED_AUTOS = YES_AGGRESSIVE;
				GCC_WARN_UNUSED_FUNCTION = YES;
				GCC_WARN_UNUSED_VARIABLE = YES;
				IPHONEOS_DEPLOYMENT_TARGET = 15.2;
				MTL_ENABLE_DEBUG_INFO = NO;
				MTL_FAST_MATH = YES;
				SDKROOT = iphoneos;
				SWIFT_COMPILATION_MODE = wholemodule;
				SWIFT_OPTIMIZATION_LEVEL = "-O";
				VALIDATE_PRODUCT = YES;
			};
			name = Release;
		};
		C7E9CFAC2B0E4D93004893BB /* Debug */ = {
			isa = XCBuildConfiguration;
			buildSettings = {
				ASSETCATALOG_COMPILER_APPICON_NAME = AppIcon;
				ASSETCATALOG_COMPILER_GLOBAL_ACCENT_COLOR_NAME = AccentColor;
				CODE_SIGN_STYLE = Automatic;
				CURRENT_PROJECT_VERSION = 1;
				DEVELOPMENT_TEAM = N66HCPTXFG;
				GENERATE_INFOPLIST_FILE = YES;
				INFOPLIST_FILE = MovieAppTest/Info.plist;
				INFOPLIST_KEY_UIApplicationSupportsIndirectInputEvents = YES;
				INFOPLIST_KEY_UILaunchStoryboardName = LaunchScreen;
				INFOPLIST_KEY_UIMainStoryboardFile = Main;
				INFOPLIST_KEY_UISupportedInterfaceOrientations_iPad = "UIInterfaceOrientationPortrait UIInterfaceOrientationPortraitUpsideDown UIInterfaceOrientationLandscapeLeft UIInterfaceOrientationLandscapeRight";
				INFOPLIST_KEY_UISupportedInterfaceOrientations_iPhone = "UIInterfaceOrientationPortrait UIInterfaceOrientationLandscapeLeft UIInterfaceOrientationLandscapeRight";
				LD_RUNPATH_SEARCH_PATHS = (
					"$(inherited)",
					"@executable_path/Frameworks",
				);
				MARKETING_VERSION = 1.0;
				PRODUCT_BUNDLE_IDENTIFIER = com.demoapp.MovieAppTest;
				PRODUCT_NAME = "$(TARGET_NAME)";
				SWIFT_EMIT_LOC_STRINGS = YES;
				SWIFT_VERSION = 5.0;
				TARGETED_DEVICE_FAMILY = "1,2";
			};
			name = Debug;
		};
		C7E9CFAD2B0E4D93004893BB /* Release */ = {
			isa = XCBuildConfiguration;
			buildSettings = {
				ASSETCATALOG_COMPILER_APPICON_NAME = AppIcon;
				ASSETCATALOG_COMPILER_GLOBAL_ACCENT_COLOR_NAME = AccentColor;
				CODE_SIGN_STYLE = Automatic;
				CURRENT_PROJECT_VERSION = 1;
				DEVELOPMENT_TEAM = N66HCPTXFG;
				GENERATE_INFOPLIST_FILE = YES;
				INFOPLIST_FILE = MovieAppTest/Info.plist;
				INFOPLIST_KEY_UIApplicationSupportsIndirectInputEvents = YES;
				INFOPLIST_KEY_UILaunchStoryboardName = LaunchScreen;
				INFOPLIST_KEY_UIMainStoryboardFile = Main;
				INFOPLIST_KEY_UISupportedInterfaceOrientations_iPad = "UIInterfaceOrientationPortrait UIInterfaceOrientationPortraitUpsideDown UIInterfaceOrientationLandscapeLeft UIInterfaceOrientationLandscapeRight";
				INFOPLIST_KEY_UISupportedInterfaceOrientations_iPhone = "UIInterfaceOrientationPortrait UIInterfaceOrientationLandscapeLeft UIInterfaceOrientationLandscapeRight";
				LD_RUNPATH_SEARCH_PATHS = (
					"$(inherited)",
					"@executable_path/Frameworks",
				);
				MARKETING_VERSION = 1.0;
				PRODUCT_BUNDLE_IDENTIFIER = com.demoapp.MovieAppTest;
				PRODUCT_NAME = "$(TARGET_NAME)";
				SWIFT_EMIT_LOC_STRINGS = YES;
				SWIFT_VERSION = 5.0;
				TARGETED_DEVICE_FAMILY = "1,2";
			};
			name = Release;
		};
/* End XCBuildConfiguration section */

/* Begin XCConfigurationList section */
		C7E9CF8F2B0E4D91004893BB /* Build configuration list for PBXProject "MovieAppTest" */ = {
			isa = XCConfigurationList;
			buildConfigurations = (
				C7E9CFA92B0E4D93004893BB /* Debug */,
				C7E9CFAA2B0E4D93004893BB /* Release */,
			);
			defaultConfigurationIsVisible = 0;
			defaultConfigurationName = Release;
		};
		C7E9CFAB2B0E4D93004893BB /* Build configuration list for PBXNativeTarget "MovieAppTest" */ = {
			isa = XCConfigurationList;
			buildConfigurations = (
				C7E9CFAC2B0E4D93004893BB /* Debug */,
				C7E9CFAD2B0E4D93004893BB /* Release */,
			);
			defaultConfigurationIsVisible = 0;
			defaultConfigurationName = Release;
		};
/* End XCConfigurationList section */

/* Begin XCVersionGroup section */
		C7E9CFA02B0E4D91004893BB /* MovieAppTest.xcdatamodeld */ = {
			isa = XCVersionGroup;
			children = (
				C7E9CFA12B0E4D91004893BB /* MovieAppTest.xcdatamodel */,
			);
			currentVersion = C7E9CFA12B0E4D91004893BB /* MovieAppTest.xcdatamodel */;
			path = MovieAppTest.xcdatamodeld;
			sourceTree = "<group>";
			versionGroupType = wrapper.xcdatamodel;
		};
/* End XCVersionGroup section */
	};
	rootObject = C7E9CF8C2B0E4D91004893BB /* Project object */;
}
